
Microsoft Visual Studio Solution File, Format Version 12.00
# Visual Studio 14
VisualStudioVersion = 14.0.25123.0
MinimumVisualStudioVersion = 10.0.40219.1
Project("{FAE04EC0-301F-11D3-BF4B-00C04F79EFBC}") = "CPE.Workshop", "CPE.Workshop\CPE.Workshop.csproj", "{6BEE52B4-9D36-4789-8221-707B928C1FF9}"
EndProject
Project("{FAE04EC0-301F-11D3-BF4B-00C04F79EFBC}") = "CPE.PartPhotoManager", "CPE.PartPhotoManager\CPE.PartPhotoManager.csproj", "{960E1C9D-06B2-4272-A36E-467EA55F5C07}"
EndProject
Project("{FAE04EC0-301F-11D3-BF4B-00C04F79EFBC}") = "CPE.Domain", "CPE.Domain\CPE.Domain.csproj", "{C87CA17E-5131-4293-9611-F0F3A8E7516E}"
EndProject
Project("{FAE04EC0-301F-11D3-BF4B-00C04F79EFBC}") = "CPE.Data.EntityFramework", "CPE.Data.EntityFramework\CPE.Data.EntityFramework.csproj", "{FC835749-347C-4835-949E-80D12D8C15F4}"
EndProject
Project("{2150E333-8FDC-42A3-9474-1A3956D46DE8}") = "Tests", "Tests", "{6339157B-19A7-450D-ABF4-E9514384FDF6}"
EndProject
Project("{FAE04EC0-301F-11D3-BF4B-00C04F79EFBC}") = "CPE.Data.EntityFramework.Tests", "CPE.Data.EntityFramework.Tests\CPE.Data.EntityFramework.Tests.csproj", "{55B6D5C7-ACD3-4769-AAB4-117ED90081F5}"
EndProject
Project("{FAE04EC0-301F-11D3-BF4B-00C04F79EFBC}") = "CPE.Quality", "CPE.Quality\CPE.Quality.csproj", "{8BEFF14E-7F14-4540-A0DA-583526E1FAAA}"
EndProject
Project("{FAE04EC0-301F-11D3-BF4B-00C04F79EFBC}") = "CPE.Sales", "CPE.Sales\CPE.Sales.csproj", "{99765675-98D9-41AA-A2BC-2575102FAB19}"
EndProject
Project("{FAE04EC0-301F-11D3-BF4B-00C04F79EFBC}") = "CPE.Sales.Tests", "CPE.Sales.Tests\CPE.Sales.Tests.csproj", "{C0A126D4-0B50-4D7B-AC58-361FD2C0E154}"
EndProject
Project("{FAE04EC0-301F-11D3-BF4B-00C04F79EFBC}") = "MSOutlookProvider", "MSOutlookProvider\MSOutlookProvider.csproj", "{14E4B9BF-7763-4D3B-B822-5B17663A090F}"
EndProject
Project("{FAE04EC0-301F-11D3-BF4B-00C04F79EFBC}") = "TestConsole", "TestConsole\TestConsole.csproj", "{E180AA70-A41E-44C4-B39E-FC5B077234E5}"
EndProject
Project("{FAE04EC0-301F-11D3-BF4B-00C04F79EFBC}") = "SyncfusionPdfParser", "SyncfusionPdfParser\SyncfusionPdfParser.csproj", "{2EA3D6F3-4C27-49D7-B5A9-4FD3B8A65541}"
EndProject
Global
	GlobalSection(SolutionConfigurationPlatforms) = preSolution
		Debug|Any CPU = Debug|Any CPU
		Release|Any CPU = Release|Any CPU
	EndGlobalSection
	GlobalSection(ProjectConfigurationPlatforms) = postSolution
		{6BEE52B4-9D36-4789-8221-707B928C1FF9}.Debug|Any CPU.ActiveCfg = Debug|Any CPU
		{6BEE52B4-9D36-4789-8221-707B928C1FF9}.Debug|Any CPU.Build.0 = Debug|Any CPU
		{6BEE52B4-9D36-4789-8221-707B928C1FF9}.Release|Any CPU.ActiveCfg = Release|Any CPU
		{6BEE52B4-9D36-4789-8221-707B928C1FF9}.Release|Any CPU.Build.0 = Release|Any CPU
		{960E1C9D-06B2-4272-A36E-467EA55F5C07}.Debug|Any CPU.ActiveCfg = Debug|Any CPU
		{960E1C9D-06B2-4272-A36E-467EA55F5C07}.Debug|Any CPU.Build.0 = Debug|Any CPU
		{960E1C9D-06B2-4272-A36E-467EA55F5C07}.Release|Any CPU.ActiveCfg = Release|Any CPU
		{960E1C9D-06B2-4272-A36E-467EA55F5C07}.Release|Any CPU.Build.0 = Release|Any CPU
		{C87CA17E-5131-4293-9611-F0F3A8E7516E}.Debug|Any CPU.ActiveCfg = Debug|Any CPU
		{C87CA17E-5131-4293-9611-F0F3A8E7516E}.Debug|Any CPU.Build.0 = Debug|Any CPU
		{C87CA17E-5131-4293-9611-F0F3A8E7516E}.Release|Any CPU.ActiveCfg = Release|Any CPU
		{C87CA17E-5131-4293-9611-F0F3A8E7516E}.Release|Any CPU.Build.0 = Release|Any CPU
		{FC835749-347C-4835-949E-80D12D8C15F4}.Debug|Any CPU.ActiveCfg = Debug|Any CPU
		{FC835749-347C-4835-949E-80D12D8C15F4}.Debug|Any CPU.Build.0 = Debug|Any CPU
		{FC835749-347C-4835-949E-80D12D8C15F4}.Release|Any CPU.ActiveCfg = Release|Any CPU
		{FC835749-347C-4835-949E-80D12D8C15F4}.Release|Any CPU.Build.0 = Release|Any CPU
		{55B6D5C7-ACD3-4769-AAB4-117ED90081F5}.Debug|Any CPU.ActiveCfg = Debug|Any CPU
		{55B6D5C7-ACD3-4769-AAB4-117ED90081F5}.Debug|Any CPU.Build.0 = Debug|Any CPU
		{55B6D5C7-ACD3-4769-AAB4-117ED90081F5}.Release|Any CPU.ActiveCfg = Release|Any CPU
		{55B6D5C7-ACD3-4769-AAB4-117ED90081F5}.Release|Any CPU.Build.0 = Release|Any CPU
		{8BEFF14E-7F14-4540-A0DA-583526E1FAAA}.Debug|Any CPU.ActiveCfg = Debug|Any CPU
		{8BEFF14E-7F14-4540-A0DA-583526E1FAAA}.Debug|Any CPU.Build.0 = Debug|Any CPU
		{8BEFF14E-7F14-4540-A0DA-583526E1FAAA}.Release|Any CPU.ActiveCfg = Release|Any CPU
		{8BEFF14E-7F14-4540-A0DA-583526E1FAAA}.Release|Any CPU.Build.0 = Release|Any CPU
		{99765675-98D9-41AA-A2BC-2575102FAB19}.Debug|Any CPU.ActiveCfg = Debug|Any CPU
		{99765675-98D9-41AA-A2BC-2575102FAB19}.Debug|Any CPU.Build.0 = Debug|Any CPU
		{99765675-98D9-41AA-A2BC-2575102FAB19}.Release|Any CPU.ActiveCfg = Release|Any CPU
		{99765675-98D9-41AA-A2BC-2575102FAB19}.Release|Any CPU.Build.0 = Release|Any CPU
		{C0A126D4-0B50-4D7B-AC58-361FD2C0E154}.Debug|Any CPU.ActiveCfg = Debug|Any CPU
		{C0A126D4-0B50-4D7B-AC58-361FD2C0E154}.Debug|Any CPU.Build.0 = Debug|Any CPU
		{C0A126D4-0B50-4D7B-AC58-361FD2C0E154}.Release|Any CPU.ActiveCfg = Release|Any CPU
		{C0A126D4-0B50-4D7B-AC58-361FD2C0E154}.Release|Any CPU.Build.0 = Release|Any CPU
		{14E4B9BF-7763-4D3B-B822-5B17663A090F}.Debug|Any CPU.ActiveCfg = Debug|Any CPU
		{14E4B9BF-7763-4D3B-B822-5B17663A090F}.Debug|Any CPU.Build.0 = Debug|Any CPU
		{14E4B9BF-7763-4D3B-B822-5B17663A090F}.Release|Any CPU.ActiveCfg = Release|Any CPU
		{14E4B9BF-7763-4D3B-B822-5B17663A090F}.Release|Any CPU.Build.0 = Release|Any CPU
		{E180AA70-A41E-44C4-B39E-FC5B077234E5}.Debug|Any CPU.ActiveCfg = Debug|Any CPU
		{E180AA70-A41E-44C4-B39E-FC5B077234E5}.Debug|Any CPU.Build.0 = Debug|Any CPU
		{E180AA70-A41E-44C4-B39E-FC5B077234E5}.Release|Any CPU.ActiveCfg = Release|Any CPU
		{E180AA70-A41E-44C4-B39E-FC5B077234E5}.Release|Any CPU.Build.0 = Release|Any CPU
		{2EA3D6F3-4C27-49D7-B5A9-4FD3B8A65541}.Debug|Any CPU.ActiveCfg = Debug|Any CPU
		{2EA3D6F3-4C27-49D7-B5A9-4FD3B8A65541}.Debug|Any CPU.Build.0 = Debug|Any CPU
		{2EA3D6F3-4C27-49D7-B5A9-4FD3B8A65541}.Release|Any CPU.ActiveCfg = Release|Any CPU
		{2EA3D6F3-4C27-49D7-B5A9-4FD3B8A65541}.Release|Any CPU.Build.0 = Release|Any CPU
	EndGlobalSection
	GlobalSection(SolutionProperties) = preSolution
		HideSolutionNode = FALSE
	EndGlobalSection
	GlobalSection(NestedProjects) = preSolution
		{55B6D5C7-ACD3-4769-AAB4-117ED90081F5} = {6339157B-19A7-450D-ABF4-E9514384FDF6}
		{C0A126D4-0B50-4D7B-AC58-361FD2C0E154} = {6339157B-19A7-450D-ABF4-E9514384FDF6}
	EndGlobalSection
EndGlobal
